
Microsoft Visual Studio Solution File, Format Version 12.00
# Visual Studio Version 16
VisualStudioVersion = 16.0.29609.76
MinimumVisualStudioVersion = 10.0.40219.1
Project("{9A19103F-16F7-4668-BE54-9A1E7A4F7556}") = "SouthIndianKitchens.APP", "SouthIndianKitchens.APP\SouthIndianKitchens.APP.csproj", "{CC01E936-C651-4B59-A5F8-C11BAACC10B7}"
EndProject
Project("{9A19103F-16F7-4668-BE54-9A1E7A4F7556}") = "SouthIndianKitchens.API", "SouthIndianKitchens.API\SouthIndianKitchens.API.csproj", "{21D64B42-6847-42D4-B2AA-1B6F2BEBFA1A}"
EndProject
Global
	GlobalSection(SolutionConfigurationPlatforms) = preSolution
		Debug|Any CPU = Debug|Any CPU
		Release|Any CPU = Release|Any CPU
	EndGlobalSection
	GlobalSection(ProjectConfigurationPlatforms) = postSolution
		{CC01E936-C651-4B59-A5F8-C11BAACC10B7}.Debug|Any CPU.ActiveCfg = Debug|Any CPU
		{CC01E936-C651-4B59-A5F8-C11BAACC10B7}.Debug|Any CPU.Build.0 = Debug|Any CPU
		{CC01E936-C651-4B59-A5F8-C11BAACC10B7}.Release|Any CPU.ActiveCfg = Release|Any CPU
		{CC01E936-C651-4B59-A5F8-C11BAACC10B7}.Release|Any CPU.Build.0 = Release|Any CPU
		{21D64B42-6847-42D4-B2AA-1B6F2BEBFA1A}.Debug|Any CPU.ActiveCfg = Debug|Any CPU
		{21D64B42-6847-42D4-B2AA-1B6F2BEBFA1A}.Debug|Any CPU.Build.0 = Debug|Any CPU
		{21D64B42-6847-42D4-B2AA-1B6F2BEBFA1A}.Release|Any CPU.ActiveCfg = Release|Any CPU
		{21D64B42-6847-42D4-B2AA-1B6F2BEBFA1A}.Release|Any CPU.Build.0 = Release|Any CPU
	EndGlobalSection
	GlobalSection(SolutionProperties) = preSolution
		HideSolutionNode = FALSE
	EndGlobalSection
	GlobalSection(ExtensibilityGlobals) = postSolution
		SolutionGuid = {31CEF85F-0FF0-4868-94B8-0EBCD00EF34B}
	EndGlobalSection
EndGlobal
